
Microsoft Visual Studio Solution File, Format Version 12.00
Project("{FAE04EC0-301F-11D3-BF4B-00C04F79EFBC}") = "RESTly", "src\RESTly\RESTly.csproj", "{BB4C3CDA-86D0-4E7B-BACD-CED3D6C4B796}"
EndProject
Project("{2150E333-8FDC-42A3-9474-1A3956D46DE8}") = "[Documentation]", "[Documentation]", "{0DE88E5E-C83F-4F9A-A3DF-9DA74457CC45}"
	ProjectSection(SolutionItems) = preProject
		LICENSE = LICENSE
		README.md = README.md
	EndProjectSection
EndProject
Project("{2150E333-8FDC-42A3-9474-1A3956D46DE8}") = "Samples", "Samples", "{4FB632B4-8E79-4BCF-9C60-9EA05001804C}"
EndProject
Project("{FAE04EC0-301F-11D3-BF4B-00C04F79EFBC}") = "RESTly.Samples.SimpleConsumer", "samples\simple\RESTly.Samples.SimpleConsumer\RESTly.Samples.SimpleConsumer.csproj", "{0D0F28FC-83CA-479A-A58A-01B6A55E37EC}"
EndProject
Project("{FAE04EC0-301F-11D3-BF4B-00C04F79EFBC}") = "RESTly.Samples.CodeGenerator", "samples\RESTly.Samples.CodeGenerator\RESTly.Samples.CodeGenerator.csproj", "{D4D3E97A-ECA0-4E9C-98A6-9B7FD4875FC4}"
EndProject
Project("{FAE04EC0-301F-11D3-BF4B-00C04F79EFBC}") = "RESTly.Samples.NativeAotConsumer", "samples\RESTly.Samples.NativeAotConsumer\RESTly.Samples.NativeAotConsumer.csproj", "{93574ABE-93B3-411D-9391-1C9FEBA48DC4}"
EndProject
Project("{FAE04EC0-301F-11D3-BF4B-00C04F79EFBC}") = "RESTly.Samples.ClientLibrary", "samples\RESTly.Samples.ClientLibrary\RESTly.Samples.ClientLibrary.csproj", "{9EF1462B-BC25-4497-9FEF-A09F90DE505F}"
EndProject
Project("{FAE04EC0-301F-11D3-BF4B-00C04F79EFBC}") = "RESTly.Test", "test\RESTly.Test\RESTly.Test.csproj", "{2A4A0718-DBA7-4BC1-B863-C794254ABC68}"
EndProject
Project("{FAE04EC0-301F-11D3-BF4B-00C04F79EFBC}") = "RESTly.Samples.TestApi", "samples\RESTly.Samples.TestApi\RESTly.Samples.TestApi.csproj", "{8C85B886-FE65-4EFD-939E-155476A6B4DF}"
EndProject
Global
	GlobalSection(SolutionConfigurationPlatforms) = preSolution
		Debug|Any CPU = Debug|Any CPU
		Release|Any CPU = Release|Any CPU
	EndGlobalSection
	GlobalSection(ProjectConfigurationPlatforms) = postSolution
		{BB4C3CDA-86D0-4E7B-BACD-CED3D6C4B796}.Debug|Any CPU.ActiveCfg = Debug|Any CPU
		{BB4C3CDA-86D0-4E7B-BACD-CED3D6C4B796}.Debug|Any CPU.Build.0 = Debug|Any CPU
		{BB4C3CDA-86D0-4E7B-BACD-CED3D6C4B796}.Release|Any CPU.ActiveCfg = Release|Any CPU
		{BB4C3CDA-86D0-4E7B-BACD-CED3D6C4B796}.Release|Any CPU.Build.0 = Release|Any CPU
		{0D0F28FC-83CA-479A-A58A-01B6A55E37EC}.Debug|Any CPU.ActiveCfg = Debug|Any CPU
		{0D0F28FC-83CA-479A-A58A-01B6A55E37EC}.Debug|Any CPU.Build.0 = Debug|Any CPU
		{0D0F28FC-83CA-479A-A58A-01B6A55E37EC}.Release|Any CPU.ActiveCfg = Release|Any CPU
		{0D0F28FC-83CA-479A-A58A-01B6A55E37EC}.Release|Any CPU.Build.0 = Release|Any CPU
		{D4D3E97A-ECA0-4E9C-98A6-9B7FD4875FC4}.Debug|Any CPU.ActiveCfg = Debug|Any CPU
		{D4D3E97A-ECA0-4E9C-98A6-9B7FD4875FC4}.Debug|Any CPU.Build.0 = Debug|Any CPU
		{D4D3E97A-ECA0-4E9C-98A6-9B7FD4875FC4}.Release|Any CPU.ActiveCfg = Release|Any CPU
		{D4D3E97A-ECA0-4E9C-98A6-9B7FD4875FC4}.Release|Any CPU.Build.0 = Release|Any CPU
		{93574ABE-93B3-411D-9391-1C9FEBA48DC4}.Debug|Any CPU.ActiveCfg = Debug|Any CPU
		{93574ABE-93B3-411D-9391-1C9FEBA48DC4}.Debug|Any CPU.Build.0 = Debug|Any CPU
		{93574ABE-93B3-411D-9391-1C9FEBA48DC4}.Release|Any CPU.ActiveCfg = Release|Any CPU
		{93574ABE-93B3-411D-9391-1C9FEBA48DC4}.Release|Any CPU.Build.0 = Release|Any CPU
		{9EF1462B-BC25-4497-9FEF-A09F90DE505F}.Debug|Any CPU.ActiveCfg = Debug|Any CPU
		{9EF1462B-BC25-4497-9FEF-A09F90DE505F}.Debug|Any CPU.Build.0 = Debug|Any CPU
		{9EF1462B-BC25-4497-9FEF-A09F90DE505F}.Release|Any CPU.ActiveCfg = Release|Any CPU
		{9EF1462B-BC25-4497-9FEF-A09F90DE505F}.Release|Any CPU.Build.0 = Release|Any CPU
		{2A4A0718-DBA7-4BC1-B863-C794254ABC68}.Debug|Any CPU.ActiveCfg = Debug|Any CPU
		{2A4A0718-DBA7-4BC1-B863-C794254ABC68}.Debug|Any CPU.Build.0 = Debug|Any CPU
		{2A4A0718-DBA7-4BC1-B863-C794254ABC68}.Release|Any CPU.ActiveCfg = Release|Any CPU
		{2A4A0718-DBA7-4BC1-B863-C794254ABC68}.Release|Any CPU.Build.0 = Release|Any CPU
		{8C85B886-FE65-4EFD-939E-155476A6B4DF}.Debug|Any CPU.ActiveCfg = Debug|Any CPU
		{8C85B886-FE65-4EFD-939E-155476A6B4DF}.Debug|Any CPU.Build.0 = Debug|Any CPU
		{8C85B886-FE65-4EFD-939E-155476A6B4DF}.Release|Any CPU.ActiveCfg = Release|Any CPU
		{8C85B886-FE65-4EFD-939E-155476A6B4DF}.Release|Any CPU.Build.0 = Release|Any CPU
	EndGlobalSection
	GlobalSection(NestedProjects) = preSolution
		{0D0F28FC-83CA-479A-A58A-01B6A55E37EC} = {4FB632B4-8E79-4BCF-9C60-9EA05001804C}
		{D4D3E97A-ECA0-4E9C-98A6-9B7FD4875FC4} = {4FB632B4-8E79-4BCF-9C60-9EA05001804C}
		{93574ABE-93B3-411D-9391-1C9FEBA48DC4} = {4FB632B4-8E79-4BCF-9C60-9EA05001804C}
		{9EF1462B-BC25-4497-9FEF-A09F90DE505F} = {4FB632B4-8E79-4BCF-9C60-9EA05001804C}
		{8C85B886-FE65-4EFD-939E-155476A6B4DF} = {4FB632B4-8E79-4BCF-9C60-9EA05001804C}
	EndGlobalSection
EndGlobal
